
Microsoft Visual Studio Solution File, Format Version 11.00
# Visual Studio 2010
Project("{8BC9CEB8-8B4A-11D0-8D11-00A0C91BC942}") = "Sort", "Sort\Sort.vcxproj", "{ACAC413E-242A-47F9-8F11-8A99AA18DDD9}"
EndProject
Project("{8BC9CEB8-8B4A-11D0-8D11-00A0C91BC942}") = "MaxPQ", "MaxPQ\MaxPQ.vcxproj", "{38E834FD-ECB6-495A-8EEF-14E9DCACBA4D}"
EndProject
Project("{8BC9CEB8-8B4A-11D0-8D11-00A0C91BC942}") = "UnionFind", "UnionFind\UnionFind.vcxproj", "{C5D3BC6C-BD83-45FE-9438-96CA4BED44C8}"
EndProject
Project("{8BC9CEB8-8B4A-11D0-8D11-00A0C91BC942}") = "Graph", "Graph\Graph.vcxproj", "{B8F9B54C-D1CB-41EF-AB50-7ADD6E8AB52F}"
EndProject
Project("{8BC9CEB8-8B4A-11D0-8D11-00A0C91BC942}") = "Graph2", "Graph2\Graph2.vcxproj", "{2A3348E4-28FB-49FB-98D7-15389A729205}"
EndProject
Project("{8BC9CEB8-8B4A-11D0-8D11-00A0C91BC942}") = "LeetCode", "LeetCode\LeetCode.vcxproj", "{C07E8D94-0633-4151-99CC-A3E78A526106}"
EndProject
Project("{2150E333-8FDC-42A3-9474-1A3956D46DE8}") = "DataStruct", "DataStruct", "{2A419D1D-3994-4F37-87C9-DF0DB000DFAF}"
EndProject
Project("{2150E333-8FDC-42A3-9474-1A3956D46DE8}") = "Algorithm", "Algorithm", "{52D6DC35-DED6-46CE-9531-A34E16FC47B0}"
EndProject
Project("{8BC9CEB8-8B4A-11D0-8D11-00A0C91BC942}") = "Stack", "Stack\Stack.vcxproj", "{7C2559DE-7CFB-4B59-971A-CAB895943A11}"
EndProject
Project("{8BC9CEB8-8B4A-11D0-8D11-00A0C91BC942}") = "Tree", "Tree\Tree.vcxproj", "{A3EA2661-3B60-4F89-A79D-BD172A650B8D}"
EndProject
Global
	GlobalSection(SolutionConfigurationPlatforms) = preSolution
		Debug|Win32 = Debug|Win32
		Release|Win32 = Release|Win32
	EndGlobalSection
	GlobalSection(ProjectConfigurationPlatforms) = postSolution
		{ACAC413E-242A-47F9-8F11-8A99AA18DDD9}.Debug|Win32.ActiveCfg = Debug|Win32
		{ACAC413E-242A-47F9-8F11-8A99AA18DDD9}.Debug|Win32.Build.0 = Debug|Win32
		{ACAC413E-242A-47F9-8F11-8A99AA18DDD9}.Release|Win32.ActiveCfg = Release|Win32
		{ACAC413E-242A-47F9-8F11-8A99AA18DDD9}.Release|Win32.Build.0 = Release|Win32
		{38E834FD-ECB6-495A-8EEF-14E9DCACBA4D}.Debug|Win32.ActiveCfg = Debug|Win32
		{38E834FD-ECB6-495A-8EEF-14E9DCACBA4D}.Debug|Win32.Build.0 = Debug|Win32
		{38E834FD-ECB6-495A-8EEF-14E9DCACBA4D}.Release|Win32.ActiveCfg = Release|Win32
		{38E834FD-ECB6-495A-8EEF-14E9DCACBA4D}.Release|Win32.Build.0 = Release|Win32
		{C5D3BC6C-BD83-45FE-9438-96CA4BED44C8}.Debug|Win32.ActiveCfg = Debug|Win32
		{C5D3BC6C-BD83-45FE-9438-96CA4BED44C8}.Debug|Win32.Build.0 = Debug|Win32
		{C5D3BC6C-BD83-45FE-9438-96CA4BED44C8}.Release|Win32.ActiveCfg = Release|Win32
		{C5D3BC6C-BD83-45FE-9438-96CA4BED44C8}.Release|Win32.Build.0 = Release|Win32
		{B8F9B54C-D1CB-41EF-AB50-7ADD6E8AB52F}.Debug|Win32.ActiveCfg = Debug|Win32
		{B8F9B54C-D1CB-41EF-AB50-7ADD6E8AB52F}.Debug|Win32.Build.0 = Debug|Win32
		{B8F9B54C-D1CB-41EF-AB50-7ADD6E8AB52F}.Release|Win32.ActiveCfg = Release|Win32
		{B8F9B54C-D1CB-41EF-AB50-7ADD6E8AB52F}.Release|Win32.Build.0 = Release|Win32
		{2A3348E4-28FB-49FB-98D7-15389A729205}.Debug|Win32.ActiveCfg = Debug|Win32
		{2A3348E4-28FB-49FB-98D7-15389A729205}.Debug|Win32.Build.0 = Debug|Win32
		{2A3348E4-28FB-49FB-98D7-15389A729205}.Release|Win32.ActiveCfg = Release|Win32
		{2A3348E4-28FB-49FB-98D7-15389A729205}.Release|Win32.Build.0 = Release|Win32
		{C07E8D94-0633-4151-99CC-A3E78A526106}.Debug|Win32.ActiveCfg = Debug|Win32
		{C07E8D94-0633-4151-99CC-A3E78A526106}.Debug|Win32.Build.0 = Debug|Win32
		{C07E8D94-0633-4151-99CC-A3E78A526106}.Release|Win32.ActiveCfg = Release|Win32
		{C07E8D94-0633-4151-99CC-A3E78A526106}.Release|Win32.Build.0 = Release|Win32
		{7C2559DE-7CFB-4B59-971A-CAB895943A11}.Debug|Win32.ActiveCfg = Debug|Win32
		{7C2559DE-7CFB-4B59-971A-CAB895943A11}.Debug|Win32.Build.0 = Debug|Win32
		{7C2559DE-7CFB-4B59-971A-CAB895943A11}.Release|Win32.ActiveCfg = Release|Win32
		{7C2559DE-7CFB-4B59-971A-CAB895943A11}.Release|Win32.Build.0 = Release|Win32
		{A3EA2661-3B60-4F89-A79D-BD172A650B8D}.Debug|Win32.ActiveCfg = Debug|Win32
		{A3EA2661-3B60-4F89-A79D-BD172A650B8D}.Debug|Win32.Build.0 = Debug|Win32
		{A3EA2661-3B60-4F89-A79D-BD172A650B8D}.Release|Win32.ActiveCfg = Release|Win32
		{A3EA2661-3B60-4F89-A79D-BD172A650B8D}.Release|Win32.Build.0 = Release|Win32
	EndGlobalSection
	GlobalSection(SolutionProperties) = preSolution
		HideSolutionNode = FALSE
	EndGlobalSection
	GlobalSection(NestedProjects) = preSolution
		{38E834FD-ECB6-495A-8EEF-14E9DCACBA4D} = {2A419D1D-3994-4F37-87C9-DF0DB000DFAF}
		{C5D3BC6C-BD83-45FE-9438-96CA4BED44C8} = {2A419D1D-3994-4F37-87C9-DF0DB000DFAF}
		{B8F9B54C-D1CB-41EF-AB50-7ADD6E8AB52F} = {2A419D1D-3994-4F37-87C9-DF0DB000DFAF}
		{2A3348E4-28FB-49FB-98D7-15389A729205} = {2A419D1D-3994-4F37-87C9-DF0DB000DFAF}
		{ACAC413E-242A-47F9-8F11-8A99AA18DDD9} = {2A419D1D-3994-4F37-87C9-DF0DB000DFAF}
		{7C2559DE-7CFB-4B59-971A-CAB895943A11} = {2A419D1D-3994-4F37-87C9-DF0DB000DFAF}
		{A3EA2661-3B60-4F89-A79D-BD172A650B8D} = {2A419D1D-3994-4F37-87C9-DF0DB000DFAF}
		{C07E8D94-0633-4151-99CC-A3E78A526106} = {52D6DC35-DED6-46CE-9531-A34E16FC47B0}
	EndGlobalSection
EndGlobal
