
Microsoft Visual Studio Solution File, Format Version 12.00
# Visual Studio 14
VisualStudioVersion = 14.0.25420.1
MinimumVisualStudioVersion = 10.0.40219.1
Project("{2150E333-8FDC-42A3-9474-1A3956D46DE8}") = "DataStruct", "DataStruct", "{2A419D1D-3994-4F37-87C9-DF0DB000DFAF}"
EndProject
Project("{2150E333-8FDC-42A3-9474-1A3956D46DE8}") = "Algorithm", "Algorithm", "{52D6DC35-DED6-46CE-9531-A34E16FC47B0}"
EndProject
Project("{8BC9CEB8-8B4A-11D0-8D11-00A0C91BC942}") = "LeetCode", "Algorithm\LeetCode\LeetCode.vcxproj", "{C07E8D94-0633-4151-99CC-A3E78A526106}"
EndProject
Project("{8BC9CEB8-8B4A-11D0-8D11-00A0C91BC942}") = "Graph", "DataStruct\Graph\Graph.vcxproj", "{B8F9B54C-D1CB-41EF-AB50-7ADD6E8AB52F}"
EndProject
Project("{8BC9CEB8-8B4A-11D0-8D11-00A0C91BC942}") = "Graph2", "DataStruct\Graph2\Graph2.vcxproj", "{2A3348E4-28FB-49FB-98D7-15389A729205}"
EndProject
Project("{8BC9CEB8-8B4A-11D0-8D11-00A0C91BC942}") = "Stack", "DataStruct\Stack\Stack.vcxproj", "{7C2559DE-7CFB-4B59-971A-CAB895943A11}"
EndProject
Project("{8BC9CEB8-8B4A-11D0-8D11-00A0C91BC942}") = "Tree", "DataStruct\Tree\Tree.vcxproj", "{A3EA2661-3B60-4F89-A79D-BD172A650B8D}"
EndProject
Project("{8BC9CEB8-8B4A-11D0-8D11-00A0C91BC942}") = "UnionFind", "DataStruct\UnionFind\UnionFind.vcxproj", "{C5D3BC6C-BD83-45FE-9438-96CA4BED44C8}"
EndProject
Project("{8BC9CEB8-8B4A-11D0-8D11-00A0C91BC942}") = "Sort", "Algorithm\Sort\Sort.vcxproj", "{ACAC413E-242A-47F9-8F11-8A99AA18DDD9}"
EndProject
Project("{8BC9CEB8-8B4A-11D0-8D11-00A0C91BC942}") = "Todo", "Todo\Todo.vcxproj", "{22F6D936-48B6-492D-BD45-FA3B81FB6AC8}"
EndProject
Project("{8BC9CEB8-8B4A-11D0-8D11-00A0C91BC942}") = "PQ", "DataStruct\PQ\PQ.vcxproj", "{8EED49C6-5192-4FE6-9F2E-51046DAFFEDB}"
EndProject
Global
	GlobalSection(SolutionConfigurationPlatforms) = preSolution
		Debug|x64 = Debug|x64
		Debug|x86 = Debug|x86
		Release|x64 = Release|x64
		Release|x86 = Release|x86
	EndGlobalSection
	GlobalSection(ProjectConfigurationPlatforms) = postSolution
		{C07E8D94-0633-4151-99CC-A3E78A526106}.Debug|x64.ActiveCfg = Debug|Win32
		{C07E8D94-0633-4151-99CC-A3E78A526106}.Debug|x86.ActiveCfg = Debug|Win32
		{C07E8D94-0633-4151-99CC-A3E78A526106}.Debug|x86.Build.0 = Debug|Win32
		{C07E8D94-0633-4151-99CC-A3E78A526106}.Release|x64.ActiveCfg = Release|Win32
		{C07E8D94-0633-4151-99CC-A3E78A526106}.Release|x86.ActiveCfg = Release|Win32
		{C07E8D94-0633-4151-99CC-A3E78A526106}.Release|x86.Build.0 = Release|Win32
		{B8F9B54C-D1CB-41EF-AB50-7ADD6E8AB52F}.Debug|x64.ActiveCfg = Debug|Win32
		{B8F9B54C-D1CB-41EF-AB50-7ADD6E8AB52F}.Debug|x86.ActiveCfg = Debug|Win32
		{B8F9B54C-D1CB-41EF-AB50-7ADD6E8AB52F}.Debug|x86.Build.0 = Debug|Win32
		{B8F9B54C-D1CB-41EF-AB50-7ADD6E8AB52F}.Release|x64.ActiveCfg = Release|Win32
		{B8F9B54C-D1CB-41EF-AB50-7ADD6E8AB52F}.Release|x86.ActiveCfg = Release|Win32
		{B8F9B54C-D1CB-41EF-AB50-7ADD6E8AB52F}.Release|x86.Build.0 = Release|Win32
		{2A3348E4-28FB-49FB-98D7-15389A729205}.Debug|x64.ActiveCfg = Debug|Win32
		{2A3348E4-28FB-49FB-98D7-15389A729205}.Debug|x86.ActiveCfg = Debug|Win32
		{2A3348E4-28FB-49FB-98D7-15389A729205}.Debug|x86.Build.0 = Debug|Win32
		{2A3348E4-28FB-49FB-98D7-15389A729205}.Release|x64.ActiveCfg = Release|Win32
		{2A3348E4-28FB-49FB-98D7-15389A729205}.Release|x86.ActiveCfg = Release|Win32
		{2A3348E4-28FB-49FB-98D7-15389A729205}.Release|x86.Build.0 = Release|Win32
		{7C2559DE-7CFB-4B59-971A-CAB895943A11}.Debug|x64.ActiveCfg = Debug|Win32
		{7C2559DE-7CFB-4B59-971A-CAB895943A11}.Debug|x86.ActiveCfg = Debug|Win32
		{7C2559DE-7CFB-4B59-971A-CAB895943A11}.Debug|x86.Build.0 = Debug|Win32
		{7C2559DE-7CFB-4B59-971A-CAB895943A11}.Release|x64.ActiveCfg = Release|Win32
		{7C2559DE-7CFB-4B59-971A-CAB895943A11}.Release|x86.ActiveCfg = Release|Win32
		{7C2559DE-7CFB-4B59-971A-CAB895943A11}.Release|x86.Build.0 = Release|Win32
		{A3EA2661-3B60-4F89-A79D-BD172A650B8D}.Debug|x64.ActiveCfg = Debug|Win32
		{A3EA2661-3B60-4F89-A79D-BD172A650B8D}.Debug|x86.ActiveCfg = Debug|Win32
		{A3EA2661-3B60-4F89-A79D-BD172A650B8D}.Debug|x86.Build.0 = Debug|Win32
		{A3EA2661-3B60-4F89-A79D-BD172A650B8D}.Release|x64.ActiveCfg = Release|Win32
		{A3EA2661-3B60-4F89-A79D-BD172A650B8D}.Release|x86.ActiveCfg = Release|Win32
		{A3EA2661-3B60-4F89-A79D-BD172A650B8D}.Release|x86.Build.0 = Release|Win32
		{C5D3BC6C-BD83-45FE-9438-96CA4BED44C8}.Debug|x64.ActiveCfg = Debug|Win32
		{C5D3BC6C-BD83-45FE-9438-96CA4BED44C8}.Debug|x86.ActiveCfg = Debug|Win32
		{C5D3BC6C-BD83-45FE-9438-96CA4BED44C8}.Debug|x86.Build.0 = Debug|Win32
		{C5D3BC6C-BD83-45FE-9438-96CA4BED44C8}.Release|x64.ActiveCfg = Release|Win32
		{C5D3BC6C-BD83-45FE-9438-96CA4BED44C8}.Release|x86.ActiveCfg = Release|Win32
		{C5D3BC6C-BD83-45FE-9438-96CA4BED44C8}.Release|x86.Build.0 = Release|Win32
		{ACAC413E-242A-47F9-8F11-8A99AA18DDD9}.Debug|x64.ActiveCfg = Debug|Win32
		{ACAC413E-242A-47F9-8F11-8A99AA18DDD9}.Debug|x86.ActiveCfg = Debug|Win32
		{ACAC413E-242A-47F9-8F11-8A99AA18DDD9}.Debug|x86.Build.0 = Debug|Win32
		{ACAC413E-242A-47F9-8F11-8A99AA18DDD9}.Release|x64.ActiveCfg = Release|Win32
		{ACAC413E-242A-47F9-8F11-8A99AA18DDD9}.Release|x86.ActiveCfg = Release|Win32
		{ACAC413E-242A-47F9-8F11-8A99AA18DDD9}.Release|x86.Build.0 = Release|Win32
		{22F6D936-48B6-492D-BD45-FA3B81FB6AC8}.Debug|x64.ActiveCfg = Debug|x64
		{22F6D936-48B6-492D-BD45-FA3B81FB6AC8}.Debug|x64.Build.0 = Debug|x64
		{22F6D936-48B6-492D-BD45-FA3B81FB6AC8}.Debug|x86.ActiveCfg = Debug|Win32
		{22F6D936-48B6-492D-BD45-FA3B81FB6AC8}.Debug|x86.Build.0 = Debug|Win32
		{22F6D936-48B6-492D-BD45-FA3B81FB6AC8}.Release|x64.ActiveCfg = Release|x64
		{22F6D936-48B6-492D-BD45-FA3B81FB6AC8}.Release|x64.Build.0 = Release|x64
		{22F6D936-48B6-492D-BD45-FA3B81FB6AC8}.Release|x86.ActiveCfg = Release|Win32
		{22F6D936-48B6-492D-BD45-FA3B81FB6AC8}.Release|x86.Build.0 = Release|Win32
		{8EED49C6-5192-4FE6-9F2E-51046DAFFEDB}.Debug|x64.ActiveCfg = Debug|x64
		{8EED49C6-5192-4FE6-9F2E-51046DAFFEDB}.Debug|x64.Build.0 = Debug|x64
		{8EED49C6-5192-4FE6-9F2E-51046DAFFEDB}.Debug|x86.ActiveCfg = Debug|Win32
		{8EED49C6-5192-4FE6-9F2E-51046DAFFEDB}.Debug|x86.Build.0 = Debug|Win32
		{8EED49C6-5192-4FE6-9F2E-51046DAFFEDB}.Release|x64.ActiveCfg = Release|x64
		{8EED49C6-5192-4FE6-9F2E-51046DAFFEDB}.Release|x64.Build.0 = Release|x64
		{8EED49C6-5192-4FE6-9F2E-51046DAFFEDB}.Release|x86.ActiveCfg = Release|Win32
		{8EED49C6-5192-4FE6-9F2E-51046DAFFEDB}.Release|x86.Build.0 = Release|Win32
	EndGlobalSection
	GlobalSection(SolutionProperties) = preSolution
		HideSolutionNode = FALSE
	EndGlobalSection
	GlobalSection(NestedProjects) = preSolution
		{C07E8D94-0633-4151-99CC-A3E78A526106} = {52D6DC35-DED6-46CE-9531-A34E16FC47B0}
		{B8F9B54C-D1CB-41EF-AB50-7ADD6E8AB52F} = {2A419D1D-3994-4F37-87C9-DF0DB000DFAF}
		{2A3348E4-28FB-49FB-98D7-15389A729205} = {2A419D1D-3994-4F37-87C9-DF0DB000DFAF}
		{7C2559DE-7CFB-4B59-971A-CAB895943A11} = {2A419D1D-3994-4F37-87C9-DF0DB000DFAF}
		{A3EA2661-3B60-4F89-A79D-BD172A650B8D} = {2A419D1D-3994-4F37-87C9-DF0DB000DFAF}
		{C5D3BC6C-BD83-45FE-9438-96CA4BED44C8} = {2A419D1D-3994-4F37-87C9-DF0DB000DFAF}
		{ACAC413E-242A-47F9-8F11-8A99AA18DDD9} = {52D6DC35-DED6-46CE-9531-A34E16FC47B0}
		{8EED49C6-5192-4FE6-9F2E-51046DAFFEDB} = {2A419D1D-3994-4F37-87C9-DF0DB000DFAF}
	EndGlobalSection
EndGlobal
